{
    "_readme": [
        "This file locks the dependencies of your project to a known state",
        "Read more about it at https://getcomposer.org/doc/01-basic-usage.md#composer-lock-the-lock-file",
        "This file is @generated automatically"
    ],
    "hash": "53ef85cb3416c09fec5e21236a5c1016",
    "content-hash": "03179284f753f3929ebad7cdb9754e16",
    "packages": [
        {
            "name": "bcit-ci/codeigniter",
            "version": "3.0.2",
            "source": {
                "type": "git",
                "url": "https://github.com/bcit-ci/CodeIgniter.git",
                "reference": "84d0e6b8396a5bd22f757272a00d8df53fe19872"
            },
            "dist": {
                "type": "zip",
                "url": "https://api.github.com/repos/bcit-ci/CodeIgniter/zipball/84d0e6b8396a5bd22f757272a00d8df53fe19872",
                "reference": "84d0e6b8396a5bd22f757272a00d8df53fe19872",
                "shasum": ""
            },
            "require": {
                "php": ">=5.2.4"
            },
            "require-dev": {
                "mikey179/vfsstream": "1.1.*"
            },
            "type": "project",
            "notification-url": "https://packagist.org/downloads/",
            "license": [
                "MIT"
            ],
            "description": "The CodeIgniter framework",
            "homepage": "http://codeigniter.com",
            "abandoned": "codeigniter/framework",
            "time": "2015-10-08 14:23:54"
        }
    ],
    "packages-dev": [],
    "aliases": [],
    "minimum-stability": "stable",
    "stability-flags": [],
    "prefer-stable": false,
    "prefer-lowest": false,
    "platform": [],
    "platform-dev": []
}
